
Microsoft Visual Studio Solution File, Format Version 12.00
# Visual Studio Version 16
VisualStudioVersion = 16.0.29324.140
MinimumVisualStudioVersion = 10.0.40219.1
Project("{FAE04EC0-301F-11D3-BF4B-00C04F79EFBC}") = "SchoolJournal", "SchoolJournal\SchoolJournal.csproj", "{E980BFFE-6169-4FED-B3A1-BA56EC1161AE}"
EndProject
Global
	GlobalSection(SolutionConfigurationPlatforms) = preSolution
		Debug|Any CPU = Debug|Any CPU
		Release|Any CPU = Release|Any CPU
	EndGlobalSection
	GlobalSection(ProjectConfigurationPlatforms) = postSolution
		{E980BFFE-6169-4FED-B3A1-BA56EC1161AE}.Debug|Any CPU.ActiveCfg = Debug|Any CPU
		{E980BFFE-6169-4FED-B3A1-BA56EC1161AE}.Debug|Any CPU.Build.0 = Debug|Any CPU
		{E980BFFE-6169-4FED-B3A1-BA56EC1161AE}.Release|Any CPU.ActiveCfg = Release|Any CPU
		{E980BFFE-6169-4FED-B3A1-BA56EC1161AE}.Release|Any CPU.Build.0 = Release|Any CPU
	EndGlobalSection
	GlobalSection(SolutionProperties) = preSolution
		HideSolutionNode = FALSE
	EndGlobalSection
	GlobalSection(ExtensibilityGlobals) = postSolution
		SolutionGuid = {7331B5C4-B9B9-406F-80D2-9A35BF501F2B}
	EndGlobalSection
EndGlobal
